
Microsoft Visual Studio Solution File, Format Version 12.00
# Visual Studio Version 17
VisualStudioVersion = 17.9.34616.47
MinimumVisualStudioVersion = 10.0.40219.1
Project("{FAE04EC0-301F-11D3-BF4B-00C04F79EFBC}") = "Exemplo", "Exemplo\Exemplo.csproj", "{DE2E4D8E-2286-4AF5-B26B-FE442AAFBAF0}"
EndProject
Global
	GlobalSection(SolutionConfigurationPlatforms) = preSolution
		Debug|Any CPU = Debug|Any CPU
		Release|Any CPU = Release|Any CPU
	EndGlobalSection
	GlobalSection(ProjectConfigurationPlatforms) = postSolution
		{DE2E4D8E-2286-4AF5-B26B-FE442AAFBAF0}.Debug|Any CPU.ActiveCfg = Debug|Any CPU
		{DE2E4D8E-2286-4AF5-B26B-FE442AAFBAF0}.Debug|Any CPU.Build.0 = Debug|Any CPU
		{DE2E4D8E-2286-4AF5-B26B-FE442AAFBAF0}.Release|Any CPU.ActiveCfg = Release|Any CPU
		{DE2E4D8E-2286-4AF5-B26B-FE442AAFBAF0}.Release|Any CPU.Build.0 = Release|Any CPU
	EndGlobalSection
	GlobalSection(SolutionProperties) = preSolution
		HideSolutionNode = FALSE
	EndGlobalSection
	GlobalSection(ExtensibilityGlobals) = postSolution
		SolutionGuid = {145F4A8E-B3C5-4FD5-B143-7AB4AFE33BD8}
	EndGlobalSection
EndGlobal
